
Microsoft Visual Studio Solution File, Format Version 12.00
# Visual Studio Version 17
VisualStudioVersion = 17.6.33829.357
MinimumVisualStudioVersion = 10.0.40219.1
Project("{8BC9CEB8-8B4A-11D0-8D11-00A0C91BC942}") = "DelitCross", "DelitCross.vcxproj", "{CC4826A4-73EC-4C08-BA40-C9FCBBE4F7E6}"
EndProject
Global
	GlobalSection(SolutionConfigurationPlatforms) = preSolution
		Debug|x64 = Debug|x64
		Debug|x86 = Debug|x86
		Release|x64 = Release|x64
		Release|x86 = Release|x86
	EndGlobalSection
	GlobalSection(ProjectConfigurationPlatforms) = postSolution
		{CC4826A4-73EC-4C08-BA40-C9FCBBE4F7E6}.Debug|x64.ActiveCfg = Debug|x64
		{CC4826A4-73EC-4C08-BA40-C9FCBBE4F7E6}.Debug|x64.Build.0 = Debug|x64
		{CC4826A4-73EC-4C08-BA40-C9FCBBE4F7E6}.Debug|x86.ActiveCfg = Debug|Win32
		{CC4826A4-73EC-4C08-BA40-C9FCBBE4F7E6}.Debug|x86.Build.0 = Debug|Win32
		{CC4826A4-73EC-4C08-BA40-C9FCBBE4F7E6}.Release|x64.ActiveCfg = Release|x64
		{CC4826A4-73EC-4C08-BA40-C9FCBBE4F7E6}.Release|x64.Build.0 = Release|x64
		{CC4826A4-73EC-4C08-BA40-C9FCBBE4F7E6}.Release|x86.ActiveCfg = Release|Win32
		{CC4826A4-73EC-4C08-BA40-C9FCBBE4F7E6}.Release|x86.Build.0 = Release|Win32
	EndGlobalSection
	GlobalSection(SolutionProperties) = preSolution
		HideSolutionNode = FALSE
	EndGlobalSection
	GlobalSection(ExtensibilityGlobals) = postSolution
		SolutionGuid = {C515BD68-60E6-4DD1-8D1D-693AFEADDD13}
	EndGlobalSection
EndGlobal
